// !$*UTF8*$!
{
	archiveVersion = 1;
	classes = {
	};
	objectVersion = 46;
	objects = {

/* Begin PBXBuildFile section */
		F23B1CE81AE1AC260021BCA6 /* main.m in Sources */ = {isa = PBXBuildFile; fileRef = F23B1CE71AE1AC260021BCA6 /* main.m */; };
		F23B1CEB1AE1AC260021BCA6 /* AppDelegate.m in Sources */ = {isa = PBXBuildFile; fileRef = F23B1CEA1AE1AC260021BCA6 /* AppDelegate.m */; };
		F23B1CEE1AE1AC260021BCA6 /* ViewController.m in Sources */ = {isa = PBXBuildFile; fileRef = F23B1CED1AE1AC260021BCA6 /* ViewController.m */; };
		F23B1CF11AE1AC260021BCA6 /* Main.storyboard in Resources */ = {isa = PBXBuildFile; fileRef = F23B1CEF1AE1AC260021BCA6 /* Main.storyboard */; };
		F23B1CF31AE1AC260021BCA6 /* Images.xcassets in Resources */ = {isa = PBXBuildFile; fileRef = F23B1CF21AE1AC260021BCA6 /* Images.xcassets */; };
		F23B1CF61AE1AC270021BCA6 /* LaunchScreen.xib in Resources */ = {isa = PBXBuildFile; fileRef = F23B1CF41AE1AC270021BCA6 /* LaunchScreen.xib */; };
		F23B1D021AE1AC270021BCA6 /* TaxCalcTests.m in Sources */ = {isa = PBXBuildFile; fileRef = F23B1D011AE1AC270021BCA6 /* TaxCalcTests.m */; };
/* End PBXBuildFile section */

/* Begin PBXContainerItemProxy section */
		F23B1CFC1AE1AC270021BCA6 /* PBXContainerItemProxy */ = {
			isa = PBXContainerItemProxy;
			containerPortal = F23B1CDA1AE1AC260021BCA6 /* Project object */;
			proxyType = 1;
			remoteGlobalIDString = F23B1CE11AE1AC260021BCA6;
			remoteInfo = TaxCalc;
		};
/* End PBXContainerItemProxy section */

/* Begin PBXFileReference section */
		F23B1CE21AE1AC260021BCA6 /* TaxCalc.app */ = {isa = PBXFileReference; explicitFileType = wrapper.application; includeInIndex = 0; path = TaxCalc.app; sourceTree = BUILT_PRODUCTS_DIR; };
		F23B1CE61AE1AC260021BCA6 /* Info.plist */ = {isa = PBXFileReference; lastKnownFileType = text.plist.xml; path = Info.plist; sourceTree = "<group>"; };
		F23B1CE71AE1AC260021BCA6 /* main.m */ = {isa = PBXFileReference; lastKnownFileType = sourcecode.c.objc; path = main.m; sourceTree = "<group>"; };
		F23B1CE91AE1AC260021BCA6 /* AppDelegate.h */ = {isa = PBXFileReference; lastKnownFileType = sourcecode.c.h; path = AppDelegate.h; sourceTree = "<group>"; };
		F23B1CEA1AE1AC260021BCA6 /* AppDelegate.m */ = {isa = PBXFileReference; lastKnownFileType = sourcecode.c.objc; path = AppDelegate.m; sourceTree = "<group>"; };
		F23B1CEC1AE1AC260021BCA6 /* ViewController.h */ = {isa = PBXFileReference; lastKnownFileType = sourcecode.c.h; path = ViewController.h; sourceTree = "<group>"; };
		F23B1CED1AE1AC260021BCA6 /* ViewController.m */ = {isa = PBXFileReference; lastKnownFileType = sourcecode.c.objc; path = ViewController.m; sourceTree = "<group>"; };
		F23B1CF01AE1AC260021BCA6 /* Base */ = {isa = PBXFileReference; lastKnownFileType = file.storyboard; name = Base; path = Base.lproj/Main.storyboard; sourceTree = "<group>"; };
		F23B1CF21AE1AC260021BCA6 /* Images.xcassets */ = {isa = PBXFileReference; lastKnownFileType = folder.assetcatalog; path = Images.xcassets; sourceTree = "<group>"; };
		F23B1CF51AE1AC270021BCA6 /* Base */ = {isa = PBXFileReference; lastKnownFileType = file.xib; name = Base; path = Base.lproj/LaunchScreen.xib; sourceTree = "<group>"; };
		F23B1CFB1AE1AC270021BCA6 /* TaxCalcTests.xctest */ = {isa = PBXFileReference; explicitFileType = wrapper.cfbundle; includeInIndex = 0; path = TaxCalcTests.xctest; sourceTree = BUILT_PRODUCTS_DIR; };
		F23B1D001AE1AC270021BCA6 /* Info.plist */ = {isa = PBXFileReference; lastKnownFileType = text.plist.xml; path = Info.plist; sourceTree = "<group>"; };
		F23B1D011AE1AC270021BCA6 /* TaxCalcTests.m */ = {isa = PBXFileReference; lastKnownFileType = sourcecode.c.objc; path = TaxCalcTests.m; sourceTree = "<group>"; };
/* End PBXFileReference section */

/* Begin PBXFrameworksBuildPhase section */
		F23B1CDF1AE1AC260021BCA6 /* Frameworks */ = {
			isa = PBXFrameworksBuildPhase;
			buildActionMask = 2147483647;
			files = (
			);
			runOnlyForDeploymentPostprocessing = 0;
		};
		F23B1CF81AE1AC270021BCA6 /* Frameworks */ = {
			isa = PBXFrameworksBuildPhase;
			buildActionMask = 2147483647;
			files = (
			);
			runOnlyForDeploymentPostprocessing = 0;
		};
/* End PBXFrameworksBuildPhase section */

/* Begin PBXGroup section */
		F23B1CD91AE1AC260021BCA6 = {
			isa = PBXGroup;
			children = (
				F23B1CE41AE1AC260021BCA6 /* TaxCalc */,
				F23B1CFE1AE1AC270021BCA6 /* TaxCalcTests */,
				F23B1CE31AE1AC260021BCA6 /* Products */,
			);
			sourceTree = "<group>";
		};
		F23B1CE31AE1AC260021BCA6 /* Products */ = {
			isa = PBXGroup;
			children = (
				F23B1CE21AE1AC260021BCA6 /* TaxCalc.app */,
				F23B1CFB1AE1AC270021BCA6 /* TaxCalcTests.xctest */,
			);
			name = Products;
			sourceTree = "<group>";
		};
		F23B1CE41AE1AC260021BCA6 /* TaxCalc */ = {
			isa = PBXGroup;
			children = (
				F23B1CE91AE1AC260021BCA6 /* AppDelegate.h */,
				F23B1CEA1AE1AC260021BCA6 /* AppDelegate.m */,
				F23B1CEC1AE1AC260021BCA6 /* ViewController.h */,
				F23B1CED1AE1AC260021BCA6 /* ViewController.m */,
				F23B1CEF1AE1AC260021BCA6 /* Main.storyboard */,
				F23B1CF21AE1AC260021BCA6 /* Images.xcassets */,
				F23B1CF41AE1AC270021BCA6 /* LaunchScreen.xib */,
				F23B1CE51AE1AC260021BCA6 /* Supporting Files */,
			);
			path = TaxCalc;
			sourceTree = "<group>";
		};
		F23B1CE51AE1AC260021BCA6 /* Supporting Files */ = {
			isa = PBXGroup;
			children = (
				F23B1CE61AE1AC260021BCA6 /* Info.plist */,
				F23B1CE71AE1AC260021BCA6 /* main.m */,
			);
			name = "Supporting Files";
			sourceTree = "<group>";
		};
		F23B1CFE1AE1AC270021BCA6 /* TaxCalcTests */ = {
			isa = PBXGroup;
			children = (
				F23B1D011AE1AC270021BCA6 /* TaxCalcTests.m */,
				F23B1CFF1AE1AC270021BCA6 /* Supporting Files */,
			);
			path = TaxCalcTests;
			sourceTree = "<group>";
		};
		F23B1CFF1AE1AC270021BCA6 /* Supporting Files */ = {
			isa = PBXGroup;
			children = (
				F23B1D001AE1AC270021BCA6 /* Info.plist */,
			);
			name = "Supporting Files";
			sourceTree = "<group>";
		};
/* End PBXGroup section */

/* Begin PBXNativeTarget section */
		F23B1CE11AE1AC260021BCA6 /* TaxCalc */ = {
			isa = PBXNativeTarget;
			buildConfigurationList = F23B1D051AE1AC270021BCA6 /* Build configuration list for PBXNativeTarget "TaxCalc" */;
			buildPhases = (
				F23B1CDE1AE1AC260021BCA6 /* Sources */,
				F23B1CDF1AE1AC260021BCA6 /* Frameworks */,
				F23B1CE01AE1AC260021BCA6 /* Resources */,
			);
			buildRules = (
			);
			dependencies = (
			);
			name = TaxCalc;
			productName = TaxCalc;
			productReference = F23B1CE21AE1AC260021BCA6 /* TaxCalc.app */;
			productType = "com.apple.product-type.application";
		};
		F23B1CFA1AE1AC270021BCA6 /* TaxCalcTests */ = {
			isa = PBXNativeTarget;
			buildConfigurationList = F23B1D081AE1AC270021BCA6 /* Build configuration list for PBXNativeTarget "TaxCalcTests" */;
			buildPhases = (
				F23B1CF71AE1AC270021BCA6 /* Sources */,
				F23B1CF81AE1AC270021BCA6 /* Frameworks */,
				F23B1CF91AE1AC270021BCA6 /* Resources */,
			);
			buildRules = (
			);
			dependencies = (
				F23B1CFD1AE1AC270021BCA6 /* PBXTargetDependency */,
			);
			name = TaxCalcTests;
			productName = TaxCalcTests;
			productReference = F23B1CFB1AE1AC270021BCA6 /* TaxCalcTests.xctest */;
			productType = "com.apple.product-type.bundle.unit-test";
		};
/* End PBXNativeTarget section */

/* Begin PBXProject section */
		F23B1CDA1AE1AC260021BCA6 /* Project object */ = {
			isa = PBXProject;
			attributes = {
				LastUpgradeCheck = 0620;
				ORGANIZATIONNAME = cvwj;
				TargetAttributes = {
					F23B1CE11AE1AC260021BCA6 = {
						CreatedOnToolsVersion = 6.2;
					};
					F23B1CFA1AE1AC270021BCA6 = {
						CreatedOnToolsVersion = 6.2;
						TestTargetID = F23B1CE11AE1AC260021BCA6;
					};
				};
			};
			buildConfigurationList = F23B1CDD1AE1AC260021BCA6 /* Build configuration list for PBXProject "TaxCalc" */;
			compatibilityVersion = "Xcode 3.2";
			developmentRegion = English;
			hasScannedForEncodings = 0;
			knownRegions = (
				en,
				Base,
			);
			mainGroup = F23B1CD91AE1AC260021BCA6;
			productRefGroup = F23B1CE31AE1AC260021BCA6 /* Products */;
			projectDirPath = "";
			projectRoot = "";
			targets = (
				F23B1CE11AE1AC260021BCA6 /* TaxCalc */,
				F23B1CFA1AE1AC270021BCA6 /* TaxCalcTests */,
			);
		};
/* End PBXProject section */

/* Begin PBXResourcesBuildPhase section */
		F23B1CE01AE1AC260021BCA6 /* Resources */ = {
			isa = PBXResourcesBuildPhase;
			buildActionMask = 2147483647;
			files = (
				F23B1CF11AE1AC260021BCA6 /* Main.storyboard in Resources */,
				F23B1CF61AE1AC270021BCA6 /* LaunchScreen.xib in Resources */,
				F23B1CF31AE1AC260021BCA6 /* Images.xcassets in Resources */,
			);
			runOnlyForDeploymentPostprocessing = 0;
		};
		F23B1CF91AE1AC270021BCA6 /* Resources */ = {
			isa = PBXResourcesBuildPhase;
			buildActionMask = 2147483647;
			files = (
			);
			runOnlyForDeploymentPostprocessing = 0;
		};
/* End PBXResourcesBuildPhase section */

/* Begin PBXSourcesBuildPhase section */
		F23B1CDE1AE1AC260021BCA6 /* Sources */ = {
			isa = PBXSourcesBuildPhase;
			buildActionMask = 2147483647;
			files = (
				F23B1CEE1AE1AC260021BCA6 /* ViewController.m in Sources */,
				F23B1CEB1AE1AC260021BCA6 /* AppDelegate.m in Sources */,
				F23B1CE81AE1AC260021BCA6 /* main.m in Sources */,
			);
			runOnlyForDeploymentPostprocessing = 0;
		};
		F23B1CF71AE1AC270021BCA6 /* Sources */ = {
			isa = PBXSourcesBuildPhase;
			buildActionMask = 2147483647;
			files = (
				F23B1D021AE1AC270021BCA6 /* TaxCalcTests.m in Sources */,
			);
			runOnlyForDeploymentPostprocessing = 0;
		};
/* End PBXSourcesBuildPhase section */

/* Begin PBXTargetDependency section */
		F23B1CFD1AE1AC270021BCA6 /* PBXTargetDependency */ = {
			isa = PBXTargetDependency;
			target = F23B1CE11AE1AC260021BCA6 /* TaxCalc */;
			targetProxy = F23B1CFC1AE1AC270021BCA6 /* PBXContainerItemProxy */;
		};
/* End PBXTargetDependency section */

/* Begin PBXVariantGroup section */
		F23B1CEF1AE1AC260021BCA6 /* Main.storyboard */ = {
			isa = PBXVariantGroup;
			children = (
				F23B1CF01AE1AC260021BCA6 /* Base */,
			);
			name = Main.storyboard;
			sourceTree = "<group>";
		};
		F23B1CF41AE1AC270021BCA6 /* LaunchScreen.xib */ = {
			isa = PBXVariantGroup;
			children = (
				F23B1CF51AE1AC270021BCA6 /* Base */,
			);
			name = LaunchScreen.xib;
			sourceTree = "<group>";
		};
/* End PBXVariantGroup section */

/* Begin XCBuildConfiguration section */
		F23B1D031AE1AC270021BCA6 /* Debug */ = {
			isa = XCBuildConfiguration;
			buildSettings = {
				ALWAYS_SEARCH_USER_PATHS = NO;
				CLANG_CXX_LANGUAGE_STANDARD = "gnu++0x";
				CLANG_CXX_LIBRARY = "libc++";
				CLANG_ENABLE_MODULES = YES;
				CLANG_ENABLE_OBJC_ARC = YES;
				CLANG_WARN_BOOL_CONVERSION = YES;
				CLANG_WARN_CONSTANT_CONVERSION = YES;
				CLANG_WARN_DIRECT_OBJC_ISA_USAGE = YES_ERROR;
				CLANG_WARN_EMPTY_BODY = YES;
				CLANG_WARN_ENUM_CONVERSION = YES;
				CLANG_WARN_INT_CONVERSION = YES;
				CLANG_WARN_OBJC_ROOT_CLASS = YES_ERROR;
				CLANG_WARN_UNREACHABLE_CODE = YES;
				CLANG_WARN__DUPLICATE_METHOD_MATCH = YES;
				"CODE_SIGN_IDENTITY[sdk=iphoneos*]" = "iPhone Developer";
				COPY_PHASE_STRIP = NO;
				ENABLE_STRICT_OBJC_MSGSEND = YES;
				GCC_C_LANGUAGE_STANDARD = gnu99;
				GCC_DYNAMIC_NO_PIC = NO;
				GCC_OPTIMIZATION_LEVEL = 0;
				GCC_PREPROCESSOR_DEFINITIONS = (
					"DEBUG=1",
					"$(inherited)",
				);
				GCC_SYMBOLS_PRIVATE_EXTERN = NO;
				GCC_WARN_64_TO_32_BIT_CONVERSION = YES;
				GCC_WARN_ABOUT_RETURN_TYPE = YES_ERROR;
				GCC_WARN_UNDECLARED_SELECTOR = YES;
				GCC_WARN_UNINITIALIZED_AUTOS = YES_AGGRESSIVE;
				GCC_WARN_UNUSED_FUNCTION = YES;
				GCC_WARN_UNUSED_VARIABLE = YES;
				IPHONEOS_DEPLOYMENT_TARGET = 8.2;
				MTL_ENABLE_DEBUG_INFO = YES;
				ONLY_ACTIVE_ARCH = YES;
				SDKROOT = iphoneos;
			};
			name = Debug;
		};
		F23B1D041AE1AC270021BCA6 /* Release */ = {
			isa = XCBuildConfiguration;
			buildSettings = {
				ALWAYS_SEARCH_USER_PATHS = NO;
				CLANG_CXX_LANGUAGE_STANDARD = "gnu++0x";
				CLANG_CXX_LIBRARY = "libc++";
				CLANG_ENABLE_MODULES = YES;
				CLANG_ENABLE_OBJC_ARC = YES;
				CLANG_WARN_BOOL_CONVERSION = YES;
				CLANG_WARN_CONSTANT_CONVERSION = YES;
				CLANG_WARN_DIRECT_OBJC_ISA_USAGE = YES_ERROR;
				CLANG_WARN_EMPTY_BODY = YES;
				CLANG_WARN_ENUM_CONVERSION = YES;
				CLANG_WARN_INT_CONVERSION = YES;
				CLANG_WARN_OBJC_ROOT_CLASS = YES_ERROR;
				CLANG_WARN_UNREACHABLE_CODE = YES;
				CLANG_WARN__DUPLICATE_METHOD_MATCH = YES;
				"CODE_SIGN_IDENTITY[sdk=iphoneos*]" = "iPhone Developer";
				COPY_PHASE_STRIP = NO;
				ENABLE_NS_ASSERTIONS = NO;
				ENABLE_STRICT_OBJC_MSGSEND = YES;
				GCC_C_LANGUAGE_STANDARD = gnu99;
				GCC_WARN_64_TO_32_BIT_CONVERSION = YES;
				GCC_WARN_ABOUT_RETURN_TYPE = YES_ERROR;
				GCC_WARN_UNDECLARED_SELECTOR = YES;
				GCC_WARN_UNINITIALIZED_AUTOS = YES_AGGRESSIVE;
				GCC_WARN_UNUSED_FUNCTION = YES;
				GCC_WARN_UNUSED_VARIABLE = YES;
				IPHONEOS_DEPLOYMENT_TARGET = 8.2;
				MTL_ENABLE_DEBUG_INFO = NO;
				SDKROOT = iphoneos;
				VALIDATE_PRODUCT = YES;
			};
			name = Release;
		};
		F23B1D061AE1AC270021BCA6 /* Debug */ = {
			isa = XCBuildConfiguration;
			buildSettings = {
				ASSETCATALOG_COMPILER_APPICON_NAME = AppIcon;
				INFOPLIST_FILE = TaxCalc/Info.plist;
				LD_RUNPATH_SEARCH_PATHS = "$(inherited) @executable_path/Frameworks";
				PRODUCT_NAME = "$(TARGET_NAME)";
			};
			name = Debug;
		};
		F23B1D071AE1AC270021BCA6 /* Release */ = {
			isa = XCBuildConfiguration;
			buildSettings = {
				ASSETCATALOG_COMPILER_APPICON_NAME = AppIcon;
				INFOPLIST_FILE = TaxCalc/Info.plist;
				LD_RUNPATH_SEARCH_PATHS = "$(inherited) @executable_path/Frameworks";
				PRODUCT_NAME = "$(TARGET_NAME)";
			};
			name = Release;
		};
		F23B1D091AE1AC270021BCA6 /* Debug */ = {
			isa = XCBuildConfiguration;
			buildSettings = {
				BUNDLE_LOADER = "$(TEST_HOST)";
				FRAMEWORK_SEARCH_PATHS = (
					"$(SDKROOT)/Developer/Library/Frameworks",
					"$(inherited)",
				);
				GCC_PREPROCESSOR_DEFINITIONS = (
					"DEBUG=1",
					"$(inherited)",
				);
				INFOPLIST_FILE = TaxCalcTests/Info.plist;
				LD_RUNPATH_SEARCH_PATHS = "$(inherited) @executable_path/Frameworks @loader_path/Frameworks";
				PRODUCT_NAME = "$(TARGET_NAME)";
				TEST_HOST = "$(BUILT_PRODUCTS_DIR)/TaxCalc.app/TaxCalc";
			};
			name = Debug;
		};
		F23B1D0A1AE1AC270021BCA6 /* Release */ = {
			isa = XCBuildConfiguration;
			buildSettings = {
				BUNDLE_LOADER = "$(TEST_HOST)";
				FRAMEWORK_SEARCH_PATHS = (
					"$(SDKROOT)/Developer/Library/Frameworks",
					"$(inherited)",
				);
				INFOPLIST_FILE = TaxCalcTests/Info.plist;
				LD_RUNPATH_SEARCH_PATHS = "$(inherited) @executable_path/Frameworks @loader_path/Frameworks";
				PRODUCT_NAME = "$(TARGET_NAME)";
				TEST_HOST = "$(BUILT_PRODUCTS_DIR)/TaxCalc.app/TaxCalc";
			};
			name = Release;
		};
/* End XCBuildConfiguration section */

/* Begin XCConfigurationList section */
		F23B1CDD1AE1AC260021BCA6 /* Build configuration list for PBXProject "TaxCalc" */ = {
			isa = XCConfigurationList;
			buildConfigurations = (
				F23B1D031AE1AC270021BCA6 /* Debug */,
				F23B1D041AE1AC270021BCA6 /* Release */,
			);
			defaultConfigurationIsVisible = 0;
			defaultConfigurationName = Release;
		};
		F23B1D051AE1AC270021BCA6 /* Build configuration list for PBXNativeTarget "TaxCalc" */ = {
			isa = XCConfigurationList;
			buildConfigurations = (
				F23B1D061AE1AC270021BCA6 /* Debug */,
				F23B1D071AE1AC270021BCA6 /* Release */,
			);
			defaultConfigurationIsVisible = 0;
		};
		F23B1D081AE1AC270021BCA6 /* Build configuration list for PBXNativeTarget "TaxCalcTests" */ = {
			isa = XCConfigurationList;
			buildConfigurations = (
				F23B1D091AE1AC270021BCA6 /* Debug */,
				F23B1D0A1AE1AC270021BCA6 /* Release */,
			);
			defaultConfigurationIsVisible = 0;
		};
/* End XCConfigurationList section */
	};
	rootObject = F23B1CDA1AE1AC260021BCA6 /* Project object */;
}
